
Microsoft Visual Studio Solution File, Format Version 12.00
Project("{FAE04EC0-301F-11D3-BF4B-00C04F79EFBC}") = "SignalViewer.Wpf", "SignalViewer.Wpf\SignalViewer.Wpf.csproj", "{04A809E3-7E40-4938-B81D-FC9E441D4008}"
EndProject
Project("{FAE04EC0-301F-11D3-BF4B-00C04F79EFBC}") = "SignalView.Core", "SignalView.Core\SignalView.Core.csproj", "{E1012097-53EA-4078-9FCE-B84D9DFC6B9D}"
EndProject
Project("{FAE04EC0-301F-11D3-BF4B-00C04F79EFBC}") = "SignalView.UnitTests", "SignalView.UnitTests\SignalView.UnitTests.csproj", "{E094A6C6-55C0-4740-9E40-922497D414BC}"
EndProject
Global
	GlobalSection(SolutionConfigurationPlatforms) = preSolution
		Debug|Any CPU = Debug|Any CPU
		Release|Any CPU = Release|Any CPU
	EndGlobalSection
	GlobalSection(ProjectConfigurationPlatforms) = postSolution
		{04A809E3-7E40-4938-B81D-FC9E441D4008}.Debug|Any CPU.ActiveCfg = Debug|Any CPU
		{04A809E3-7E40-4938-B81D-FC9E441D4008}.Debug|Any CPU.Build.0 = Debug|Any CPU
		{04A809E3-7E40-4938-B81D-FC9E441D4008}.Release|Any CPU.ActiveCfg = Release|Any CPU
		{04A809E3-7E40-4938-B81D-FC9E441D4008}.Release|Any CPU.Build.0 = Release|Any CPU
		{E1012097-53EA-4078-9FCE-B84D9DFC6B9D}.Debug|Any CPU.ActiveCfg = Debug|Any CPU
		{E1012097-53EA-4078-9FCE-B84D9DFC6B9D}.Debug|Any CPU.Build.0 = Debug|Any CPU
		{E1012097-53EA-4078-9FCE-B84D9DFC6B9D}.Release|Any CPU.ActiveCfg = Release|Any CPU
		{E1012097-53EA-4078-9FCE-B84D9DFC6B9D}.Release|Any CPU.Build.0 = Release|Any CPU
		{E094A6C6-55C0-4740-9E40-922497D414BC}.Debug|Any CPU.ActiveCfg = Debug|Any CPU
		{E094A6C6-55C0-4740-9E40-922497D414BC}.Debug|Any CPU.Build.0 = Debug|Any CPU
		{E094A6C6-55C0-4740-9E40-922497D414BC}.Release|Any CPU.ActiveCfg = Release|Any CPU
		{E094A6C6-55C0-4740-9E40-922497D414BC}.Release|Any CPU.Build.0 = Release|Any CPU
	EndGlobalSection
EndGlobal
